
Microsoft Visual Studio Solution File, Format Version 12.00
# Visual Studio Version 16
VisualStudioVersion = 16.0.32106.194
MinimumVisualStudioVersion = 10.0.40219.1
Project("{E24C65DC-7377-472B-9ABA-BC803B73C61A}") = "JavaScript Collaboration", "..\..\..\Desktop\JavaScript Collaboration\", "{C169D0AF-2236-41DD-9FF1-F21D915B6F15}"
	ProjectSection(WebsiteProperties) = preProject
		TargetFrameworkMoniker = ".NETFramework,Version%3Dv4.0"
		Debug.AspNetCompiler.VirtualPath = "/localhost_63536"
		Debug.AspNetCompiler.PhysicalPath = "..\..\..\Desktop\JavaScript Collaboration\"
		Debug.AspNetCompiler.TargetPath = "PrecompiledWeb\localhost_63536\"
		Debug.AspNetCompiler.Updateable = "true"
		Debug.AspNetCompiler.ForceOverwrite = "true"
		Debug.AspNetCompiler.FixedNames = "false"
		Debug.AspNetCompiler.Debug = "True"
		Release.AspNetCompiler.VirtualPath = "/localhost_63536"
		Release.AspNetCompiler.PhysicalPath = "..\..\..\Desktop\JavaScript Collaboration\"
		Release.AspNetCompiler.TargetPath = "PrecompiledWeb\localhost_63536\"
		Release.AspNetCompiler.Updateable = "true"
		Release.AspNetCompiler.ForceOverwrite = "true"
		Release.AspNetCompiler.FixedNames = "false"
		Release.AspNetCompiler.Debug = "False"
		VWDPort = "63536"
		SlnRelativePath = "..\..\..\Desktop\JavaScript Collaboration\"
	EndProjectSection
EndProject
Global
	GlobalSection(SolutionConfigurationPlatforms) = preSolution
		Debug|Any CPU = Debug|Any CPU
	EndGlobalSection
	GlobalSection(ProjectConfigurationPlatforms) = postSolution
		{C169D0AF-2236-41DD-9FF1-F21D915B6F15}.Debug|Any CPU.ActiveCfg = Debug|Any CPU
		{C169D0AF-2236-41DD-9FF1-F21D915B6F15}.Debug|Any CPU.Build.0 = Debug|Any CPU
	EndGlobalSection
	GlobalSection(SolutionProperties) = preSolution
		HideSolutionNode = FALSE
	EndGlobalSection
	GlobalSection(ExtensibilityGlobals) = postSolution
		SolutionGuid = {94420045-D784-4BA6-8837-0AD1709B7D05}
	EndGlobalSection
EndGlobal
